
Microsoft Visual Studio Solution File, Format Version 12.00
# Visual Studio Version 17
VisualStudioVersion = 17.6.33829.357
MinimumVisualStudioVersion = 10.0.40219.1
Project("{FAE04EC0-301F-11D3-BF4B-00C04F79EFBC}") = "Student_CRUD", "Student_CRUD\Student_CRUD.csproj", "{7C877D69-D2F8-4498-BD6D-808315A9F5CB}"
EndProject
Global
	GlobalSection(SolutionConfigurationPlatforms) = preSolution
		Debug|Any CPU = Debug|Any CPU
		Release|Any CPU = Release|Any CPU
	EndGlobalSection
	GlobalSection(ProjectConfigurationPlatforms) = postSolution
		{7C877D69-D2F8-4498-BD6D-808315A9F5CB}.Debug|Any CPU.ActiveCfg = Debug|Any CPU
		{7C877D69-D2F8-4498-BD6D-808315A9F5CB}.Debug|Any CPU.Build.0 = Debug|Any CPU
		{7C877D69-D2F8-4498-BD6D-808315A9F5CB}.Release|Any CPU.ActiveCfg = Release|Any CPU
		{7C877D69-D2F8-4498-BD6D-808315A9F5CB}.Release|Any CPU.Build.0 = Release|Any CPU
	EndGlobalSection
	GlobalSection(SolutionProperties) = preSolution
		HideSolutionNode = FALSE
	EndGlobalSection
	GlobalSection(ExtensibilityGlobals) = postSolution
		SolutionGuid = {0E00B2F6-C6C3-40B1-A336-A6B401AC9AE5}
	EndGlobalSection
EndGlobal
